
Microsoft Visual Studio Solution File, Format Version 12.00
# Visual Studio Version 17
VisualStudioVersion = 17.5.33627.172
MinimumVisualStudioVersion = 10.0.40219.1
Project("{9A19103F-16F7-4668-BE54-9A1E7A4F7556}") = "UsagePoller", "UsagePoller\UsagePoller.csproj", "{8B34444B-D3EB-4DAA-82EC-A9DAF59DFF9C}"
EndProject
Project("{54435603-DBB4-11D2-8724-00A0C9A8B90C}") = "UsagePollerInstallation", "UsagePollerInstallation\UsagePollerInstallation.vdproj", "{B1EE74D5-6EFC-4BD3-B10E-33849E70A635}"
EndProject
Global
	GlobalSection(SolutionConfigurationPlatforms) = preSolution
		Debug|Any CPU = Debug|Any CPU
		Release|Any CPU = Release|Any CPU
	EndGlobalSection
	GlobalSection(ProjectConfigurationPlatforms) = postSolution
		{8B34444B-D3EB-4DAA-82EC-A9DAF59DFF9C}.Debug|Any CPU.ActiveCfg = Debug|Any CPU
		{8B34444B-D3EB-4DAA-82EC-A9DAF59DFF9C}.Debug|Any CPU.Build.0 = Debug|Any CPU
		{8B34444B-D3EB-4DAA-82EC-A9DAF59DFF9C}.Release|Any CPU.ActiveCfg = Release|Any CPU
		{8B34444B-D3EB-4DAA-82EC-A9DAF59DFF9C}.Release|Any CPU.Build.0 = Release|Any CPU
		{B1EE74D5-6EFC-4BD3-B10E-33849E70A635}.Debug|Any CPU.ActiveCfg = Debug
		{B1EE74D5-6EFC-4BD3-B10E-33849E70A635}.Release|Any CPU.ActiveCfg = Release
	EndGlobalSection
	GlobalSection(SolutionProperties) = preSolution
		HideSolutionNode = FALSE
	EndGlobalSection
	GlobalSection(ExtensibilityGlobals) = postSolution
		SolutionGuid = {16147118-79E5-4652-A657-B84BA690BA90}
	EndGlobalSection
EndGlobal
